
Microsoft Visual Studio Solution File, Format Version 12.00
# Visual Studio Version 16
VisualStudioVersion = 16.0.30011.22
MinimumVisualStudioVersion = 10.0.40219.1
Project("{9A19103F-16F7-4668-BE54-9A1E7A4F7556}") = "EverybodyCodes.Web", "EverybodyCodes.Web\EverybodyCodes.Web.csproj", "{60042FD7-A550-4D59-BEDC-B833B2000781}"
EndProject
Project("{9A19103F-16F7-4668-BE54-9A1E7A4F7556}") = "EverybodyCodes.Infrastructure", "EverybodyCodes.Infrastructure\EverybodyCodes.Infrastructure.csproj", "{A60DB38A-8568-4608-A34E-E18275E716C4}"
EndProject
Project("{9A19103F-16F7-4668-BE54-9A1E7A4F7556}") = "EverybodyCodes.CLI", "EverybodyCodes.CLI\EverybodyCodes.CLI.csproj", "{448FA281-2951-4A58-ABD4-01CEDBCF09D6}"
EndProject
Global
	GlobalSection(SolutionConfigurationPlatforms) = preSolution
		Debug|Any CPU = Debug|Any CPU
		Release|Any CPU = Release|Any CPU
	EndGlobalSection
	GlobalSection(ProjectConfigurationPlatforms) = postSolution
		{60042FD7-A550-4D59-BEDC-B833B2000781}.Debug|Any CPU.ActiveCfg = Debug|Any CPU
		{60042FD7-A550-4D59-BEDC-B833B2000781}.Debug|Any CPU.Build.0 = Debug|Any CPU
		{60042FD7-A550-4D59-BEDC-B833B2000781}.Release|Any CPU.ActiveCfg = Release|Any CPU
		{60042FD7-A550-4D59-BEDC-B833B2000781}.Release|Any CPU.Build.0 = Release|Any CPU
		{A60DB38A-8568-4608-A34E-E18275E716C4}.Debug|Any CPU.ActiveCfg = Debug|Any CPU
		{A60DB38A-8568-4608-A34E-E18275E716C4}.Debug|Any CPU.Build.0 = Debug|Any CPU
		{A60DB38A-8568-4608-A34E-E18275E716C4}.Release|Any CPU.ActiveCfg = Release|Any CPU
		{A60DB38A-8568-4608-A34E-E18275E716C4}.Release|Any CPU.Build.0 = Release|Any CPU
		{448FA281-2951-4A58-ABD4-01CEDBCF09D6}.Debug|Any CPU.ActiveCfg = Debug|Any CPU
		{448FA281-2951-4A58-ABD4-01CEDBCF09D6}.Debug|Any CPU.Build.0 = Debug|Any CPU
		{448FA281-2951-4A58-ABD4-01CEDBCF09D6}.Release|Any CPU.ActiveCfg = Release|Any CPU
		{448FA281-2951-4A58-ABD4-01CEDBCF09D6}.Release|Any CPU.Build.0 = Release|Any CPU
	EndGlobalSection
	GlobalSection(SolutionProperties) = preSolution
		HideSolutionNode = FALSE
	EndGlobalSection
	GlobalSection(ExtensibilityGlobals) = postSolution
		SolutionGuid = {0262E2D4-660A-4149-BBBB-FAD5F2E0A455}
	EndGlobalSection
EndGlobal
